
Microsoft Visual Studio Solution File, Format Version 12.00
# Visual Studio Version 17
VisualStudioVersion = 17.11.35303.130
MinimumVisualStudioVersion = 10.0.40219.1
Project("{FAE04EC0-301F-11D3-BF4B-00C04F79EFBC}") = "ControleDeGastos1", "ControleDeGastos1.csproj", "{A23D20E8-0603-4444-BE8A-E51BD6EBA0C4}"
EndProject
Global
	GlobalSection(SolutionConfigurationPlatforms) = preSolution
		Debug|Any CPU = Debug|Any CPU
		Release|Any CPU = Release|Any CPU
	EndGlobalSection
	GlobalSection(ProjectConfigurationPlatforms) = postSolution
		{A23D20E8-0603-4444-BE8A-E51BD6EBA0C4}.Debug|Any CPU.ActiveCfg = Debug|Any CPU
		{A23D20E8-0603-4444-BE8A-E51BD6EBA0C4}.Debug|Any CPU.Build.0 = Debug|Any CPU
		{A23D20E8-0603-4444-BE8A-E51BD6EBA0C4}.Release|Any CPU.ActiveCfg = Release|Any CPU
		{A23D20E8-0603-4444-BE8A-E51BD6EBA0C4}.Release|Any CPU.Build.0 = Release|Any CPU
	EndGlobalSection
	GlobalSection(SolutionProperties) = preSolution
		HideSolutionNode = FALSE
	EndGlobalSection
	GlobalSection(ExtensibilityGlobals) = postSolution
		SolutionGuid = {E99EB057-1B2B-4B1C-BD43-BCFD385578C6}
	EndGlobalSection
EndGlobal
